<?xml version="1.0" encoding="UTF-8" standalone="yes" ?>
<CodeBlocks_project_file>
	<FileVersion major="1" minor="6" />
	<Project>
		<Option title="CSG Test" />
		<Option platforms="Windows;" />
		<Option pch_mode="0" />
		<Option default_target="Windows" />
		<Option compiler="gcc" />
		<Build>
			<Target title="Windows">
				<Option platforms="Windows;" />
				<Option output="../../bin/Win32-gcc/CSG_TEST" prefix_auto="0" extension_auto="1" />
				<Option type="1" />
				<Option compiler="gcc" />
				<Option projectResourceIncludeDirsRelation="1" />
				<Compiler>
					<Add option="-g" />
				</Compiler>
				<Linker>
					<Add directory="../../lib/Win32-gcc" />
				</Linker>
			</Target>
		</Build>
		<VirtualTargets>
			<Add alias="All" targets="Windows;" />
		</VirtualTargets>
		<Compiler>
			<Add option="-g" />
			<Add directory="../../include" />
		</Compiler>
		<Unit filename="BufferManager.cpp" />
		<Unit filename="BufferManager.h" />
		<Unit filename="CGUIButton.cpp" />
		<Unit filename="CGUIButton.h" />
		<Unit filename="CGUIEditBox2.cpp" />
		<Unit filename="CGUIEditBox2.h" />
		<Unit filename="CGUIImage.cpp" />
		<Unit filename="CGUIImage.h" />
		<Unit filename="CGUISkin.cpp" />
		<Unit filename="CGUISkin.h" />
		<Unit filename="CGUIWindow.cpp" />
		<Unit filename="CGUIWindow.h" />
		<Unit filename="CMeshSceneNode.cpp" />
		<Unit filename="CMeshSceneNode.h" />
		<Unit filename="CameraPanel.cpp" />
		<Unit filename="CameraPanel.h" />
		<Unit filename="CameraPanel2D.cpp" />
		<Unit filename="GUI_tools.cpp" />
		<Unit filename="GUI_tools.h" />
		<Unit filename="Refl_Primitives.cpp" />
		<Unit filename="Reflection.h" />
		<Unit filename="clip11.cpp" />
		<Unit filename="clip2.cpp" />
		<Unit filename="clip_functions.cpp" />
		<Unit filename="clip_functions.h" />
		<Unit filename="clip_poly.cpp" />
		<Unit filename="create_primitives.cpp" />
		<Unit filename="create_primitives.h" />
		<Unit filename="csg_classes.cpp" />
		<Unit filename="csg_classes.h" />
		<Unit filename="csg_prims.cpp" />
		<Unit filename="edit_classes.cpp" />
		<Unit filename="edit_classes.h" />
		<Unit filename="edit_env.cpp" />
		<Unit filename="edit_env.h" />
		<Unit filename="ex_gui_elements.cpp" />
		<Unit filename="ex_gui_elements.h" />
		<Unit filename="geometry_scene.cpp" />
		<Unit filename="geometry_scene.h" />
		<Unit filename="main.cpp" />
		<Unit filename="material_groups.cpp" />
		<Unit filename="material_groups.h" />
		<Unit filename="node_properties.cpp" />
		<Unit filename="node_properties.h" />
		<Unit filename="os.cpp" />
		<Unit filename="os.h" />
		<Unit filename="reflected_nodes.cpp" />
		<Unit filename="reflected_nodes.h" />
		<Unit filename="scrollbar2.cpp" />
		<Unit filename="scrollbar2.h" />
		<Unit filename="texture_adjust.cpp" />
		<Unit filename="texture_adjust.h" />
		<Unit filename="texture_icon.cpp" />
		<Unit filename="texture_icon.h" />
		<Unit filename="texture_picker.cpp" />
		<Unit filename="texture_picker.h" />
		<Unit filename="tolerances.h" />
		<Unit filename="triangle.cpp" />
		<Unit filename="unused.cpp" />
		<Unit filename="unused2.cpp" />
		<Unit filename="unused3.cpp" />
		<Unit filename="unused4.cpp" />
		<Unit filename="unused5.cpp" />
		<Unit filename="unused7.cpp" />
		<Unit filename="utils.cpp" />
		<Unit filename="utils.h" />
		<Unit filename="vtoolbar.cpp" />
		<Unit filename="vtoolbar.h" />
		<Extensions>
			<code_completion />
			<debugger />
			<envvars />
		</Extensions>
	</Project>
</CodeBlocks_project_file>
