<?xml version="1.0" encoding="utf-8"?>
<Project ToolsVersion="4.0" xmlns="http://schemas.microsoft.com/developer/msbuild/2003">
  <ItemGroup>
    <Filter Include="Source Files">
      <UniqueIdentifier>{4FC737F1-C7A5-4376-A066-2A32D752A2FF}</UniqueIdentifier>
      <Extensions>cpp;c;cc;cxx;def;odl;idl;hpj;bat;asm;asmx</Extensions>
    </Filter>
    <Filter Include="Header Files">
      <UniqueIdentifier>{93995380-89BD-4b04-88EB-625FBE52EBFB}</UniqueIdentifier>
      <Extensions>h;hh;hpp;hxx;hm;inl;inc;xsd</Extensions>
    </Filter>
    <Filter Include="Resource Files">
      <UniqueIdentifier>{67DA6AB6-F800-4c08-8B7A-83BB121AAD01}</UniqueIdentifier>
      <Extensions>rc;ico;cur;bmp;dlg;rc2;rct;bin;rgs;gif;jpg;jpeg;jpe;resx;tiff;tif;png;wav</Extensions>
    </Filter>
  </ItemGroup>
  <ItemGroup>
    <ClCompile Include="BufferManager.cpp">
      <Filter>Source Files</Filter>
    </ClCompile>
    <ClCompile Include="CameraPanel.cpp">
      <Filter>Source Files</Filter>
    </ClCompile>
    <ClCompile Include="CameraPanel2D.cpp">
      <Filter>Source Files</Filter>
    </ClCompile>
    <ClCompile Include="CGUIButton.cpp">
      <Filter>Source Files</Filter>
    </ClCompile>
    <ClCompile Include="CGUIEditBox2.cpp">
      <Filter>Source Files</Filter>
    </ClCompile>
    <ClCompile Include="CGUIImage.cpp">
      <Filter>Source Files</Filter>
    </ClCompile>
    <ClCompile Include="CGUISkin.cpp">
      <Filter>Source Files</Filter>
    </ClCompile>
    <ClCompile Include="CGUIWindow.cpp">
      <Filter>Source Files</Filter>
    </ClCompile>
    <ClCompile Include="clip.cpp">
      <Filter>Source Files</Filter>
    </ClCompile>
    <ClCompile Include="clip2.cpp">
      <Filter>Source Files</Filter>
    </ClCompile>
    <ClCompile Include="clip_functions.cpp">
      <Filter>Source Files</Filter>
    </ClCompile>
    <ClCompile Include="clip_poly.cpp">
      <Filter>Source Files</Filter>
    </ClCompile>
    <ClCompile Include="CMeshSceneNode.cpp">
      <Filter>Source Files</Filter>
    </ClCompile>
    <ClCompile Include="CPLYMeshWriter.cpp">
      <Filter>Source Files</Filter>
    </ClCompile>
    <ClCompile Include="create_primitives.cpp">
      <Filter>Source Files</Filter>
    </ClCompile>
    <ClCompile Include="csg_classes.cpp">
      <Filter>Source Files</Filter>
    </ClCompile>
    <ClCompile Include="csg_prims.cpp">
      <Filter>Source Files</Filter>
    </ClCompile>
    <ClCompile Include="edit_classes.cpp">
      <Filter>Source Files</Filter>
    </ClCompile>
    <ClCompile Include="edit_env.cpp">
      <Filter>Source Files</Filter>
    </ClCompile>
    <ClCompile Include="ex_gui_elements.cpp">
      <Filter>Source Files</Filter>
    </ClCompile>
    <ClCompile Include="GeometryNode.cpp">
      <Filter>Source Files</Filter>
    </ClCompile>
    <ClCompile Include="geometry_scene.cpp">
      <Filter>Source Files</Filter>
    </ClCompile>
    <ClCompile Include="GUI_tools.cpp">
      <Filter>Source Files</Filter>
    </ClCompile>
    <ClCompile Include="main.cpp">
      <Filter>Source Files</Filter>
    </ClCompile>
    <ClCompile Include="material_groups.cpp">
      <Filter>Source Files</Filter>
    </ClCompile>
    <ClCompile Include="node_properties.cpp">
      <Filter>Source Files</Filter>
    </ClCompile>
    <ClCompile Include="os.cpp">
      <Filter>Source Files</Filter>
    </ClCompile>
    <ClCompile Include="reflected_nodes.cpp">
      <Filter>Source Files</Filter>
    </ClCompile>
    <ClCompile Include="Refl_Primitives.cpp">
      <Filter>Source Files</Filter>
    </ClCompile>
    <ClCompile Include="scrollbar2.cpp">
      <Filter>Source Files</Filter>
    </ClCompile>
    <ClCompile Include="shapes.cpp">
      <Filter>Source Files</Filter>
    </ClCompile>
    <ClCompile Include="texture_adjust.cpp">
      <Filter>Source Files</Filter>
    </ClCompile>
    <ClCompile Include="texture_icon.cpp">
      <Filter>Source Files</Filter>
    </ClCompile>
    <ClCompile Include="texture_picker.cpp">
      <Filter>Source Files</Filter>
    </ClCompile>
    <ClCompile Include="triangle.cpp">
      <Filter>Source Files</Filter>
    </ClCompile>
    <ClCompile Include="utils.cpp">
      <Filter>Source Files</Filter>
    </ClCompile>
    <ClCompile Include="vtoolbar.cpp">
      <Filter>Source Files</Filter>
    </ClCompile>
    <ClCompile Include="geo_scene_settings.cpp">
      <Filter>Source Files</Filter>
    </ClCompile>
    <ClCompile Include="NodeClassesTool.cpp">
      <Filter>Source Files</Filter>
    </ClCompile>
    <ClCompile Include="NodeInstancesTool.cpp">
      <Filter>Source Files</Filter>
    </ClCompile>
    <ClCompile Include="file_open.cpp">
      <Filter>Source Files</Filter>
    </ClCompile>
    <ClCompile Include="uv_tool.cpp">
      <Filter>Source Files</Filter>
    </ClCompile>
    <ClCompile Include="LightMaps.cpp">
      <Filter>Source Files</Filter>
    </ClCompile>
    <ClCompile Include="LightMaps_Rendering.cpp">
      <Filter>Source Files</Filter>
    </ClCompile>
    <ClCompile Include="BVH.cpp">
      <Filter>Source Files</Filter>
    </ClCompile>
    <ClCompile Include="clip_test.cpp">
      <Filter>Source Files</Filter>
    </ClCompile>
    <ClCompile Include="geometry_ops.cpp">
      <Filter>Source Files</Filter>
    </ClCompile>
    <ClCompile Include="calc_loops.cpp">
      <Filter>Source Files</Filter>
    </ClCompile>
    <ClCompile Include="points_lines_planes.cpp">
      <Filter>Source Files</Filter>
    </ClCompile>
    <ClCompile Include="vertices_and_edges.cpp">
      <Filter>Source Files</Filter>
    </ClCompile>
    <ClCompile Include="build_meshes.cpp">
      <Filter>Source Files</Filter>
    </ClCompile>
  </ItemGroup>
  <ItemGroup>
    <ClInclude Include="BufferManager.h">
      <Filter>Header Files</Filter>
    </ClInclude>
    <ClInclude Include="CameraPanel.h">
      <Filter>Header Files</Filter>
    </ClInclude>
    <ClInclude Include="CGUIButton.h">
      <Filter>Header Files</Filter>
    </ClInclude>
    <ClInclude Include="CGUIEditBox2.h">
      <Filter>Header Files</Filter>
    </ClInclude>
    <ClInclude Include="CGUIImage.h">
      <Filter>Header Files</Filter>
    </ClInclude>
    <ClInclude Include="CGUISkin.h">
      <Filter>Header Files</Filter>
    </ClInclude>
    <ClInclude Include="CGUIWindow.h">
      <Filter>Header Files</Filter>
    </ClInclude>
    <ClInclude Include="clip_functions.h">
      <Filter>Header Files</Filter>
    </ClInclude>
    <ClInclude Include="CMeshSceneNode.h">
      <Filter>Header Files</Filter>
    </ClInclude>
    <ClInclude Include="CPLYMeshWriter.h">
      <Filter>Header Files</Filter>
    </ClInclude>
    <ClInclude Include="create_primitives.h">
      <Filter>Header Files</Filter>
    </ClInclude>
    <ClInclude Include="csg_classes.h">
      <Filter>Header Files</Filter>
    </ClInclude>
    <ClInclude Include="edit_classes.h">
      <Filter>Header Files</Filter>
    </ClInclude>
    <ClInclude Include="edit_env.h">
      <Filter>Header Files</Filter>
    </ClInclude>
    <ClInclude Include="ex_gui_elements.h">
      <Filter>Header Files</Filter>
    </ClInclude>
    <ClInclude Include="GeometryNode.h">
      <Filter>Header Files</Filter>
    </ClInclude>
    <ClInclude Include="geometry_scene.h">
      <Filter>Header Files</Filter>
    </ClInclude>
    <ClInclude Include="GUI_tools.h">
      <Filter>Header Files</Filter>
    </ClInclude>
    <ClInclude Include="material_groups.h">
      <Filter>Header Files</Filter>
    </ClInclude>
    <ClInclude Include="node_properties.h">
      <Filter>Header Files</Filter>
    </ClInclude>
    <ClInclude Include="os.h">
      <Filter>Header Files</Filter>
    </ClInclude>
    <ClInclude Include="reflected_nodes.h">
      <Filter>Header Files</Filter>
    </ClInclude>
    <ClInclude Include="Reflection.h">
      <Filter>Header Files</Filter>
    </ClInclude>
    <ClInclude Include="scrollbar2.h">
      <Filter>Header Files</Filter>
    </ClInclude>
    <ClInclude Include="texture_adjust.h">
      <Filter>Header Files</Filter>
    </ClInclude>
    <ClInclude Include="texture_icon.h">
      <Filter>Header Files</Filter>
    </ClInclude>
    <ClInclude Include="texture_picker.h">
      <Filter>Header Files</Filter>
    </ClInclude>
    <ClInclude Include="tolerances.h">
      <Filter>Header Files</Filter>
    </ClInclude>
    <ClInclude Include="utils.h">
      <Filter>Header Files</Filter>
    </ClInclude>
    <ClInclude Include="vtoolbar.h">
      <Filter>Header Files</Filter>
    </ClInclude>
    <ClInclude Include="geo_scene_settings.h">
      <Filter>Header Files</Filter>
    </ClInclude>
    <ClInclude Include="NodeClassesTool.h">
      <Filter>Header Files</Filter>
    </ClInclude>
    <ClInclude Include="tree_struct.h">
      <Filter>Header Files</Filter>
    </ClInclude>
    <ClInclude Include="NodeInstancesTool.h">
      <Filter>Header Files</Filter>
    </ClInclude>
    <ClInclude Include="reflect_custom_types.h">
      <Filter>Header Files</Filter>
    </ClInclude>
    <ClInclude Include="file_open.h">
      <Filter>Header Files</Filter>
    </ClInclude>
    <ClInclude Include="uv_tool.h">
      <Filter>Header Files</Filter>
    </ClInclude>
    <ClInclude Include="triangle.h">
      <Filter>Header Files</Filter>
    </ClInclude>
    <ClInclude Include="LightMaps.h">
      <Filter>Header Files</Filter>
    </ClInclude>
    <ClInclude Include="ShaderCallbacks.h">
      <Filter>Header Files</Filter>
    </ClInclude>
    <ClInclude Include="BVH.h">
      <Filter>Header Files</Filter>
    </ClInclude>
    <ClInclude Include="build_meshes.h">
      <Filter>Header Files</Filter>
    </ClInclude>
    <ClInclude Include="clip_functions2.h">
      <Filter>Header Files</Filter>
    </ClInclude>
    <ClInclude Include="clip_functions3.h">
      <Filter>Header Files</Filter>
    </ClInclude>
  </ItemGroup>
  <ItemGroup>
    <None Include="tutorial.html" />
  </ItemGroup>
</Project>